
Microsoft Visual Studio Solution File, Format Version 12.00
# Visual Studio 15
Project("{FAE04EC0-301F-11D3-BF4B-00C04F79EFBC}") = "Fusion.Editor", "Fusion.Editor.csproj", "{C3144DA1-C2CB-9769-0F5F-C3B5C81B28B5}"
EndProject
Project("{FAE04EC0-301F-11D3-BF4B-00C04F79EFBC}") = "Fusion.Addressables", "Fusion.Addressables.csproj", "{BB3E00AB-379B-547B-EE66-E29568B1685A}"
EndProject
Project("{FAE04EC0-301F-11D3-BF4B-00C04F79EFBC}") = "Assembly-CSharp", "Assembly-CSharp.csproj", "{9147AA66-6DA3-FA0C-26AF-E76670CFEF39}"
EndProject
Project("{FAE04EC0-301F-11D3-BF4B-00C04F79EFBC}") = "Unity.Fusion.CodeGen", "Unity.Fusion.CodeGen.csproj", "{5CB1F505-50F2-4255-6474-C559F9DE024B}"
EndProject
Project("{FAE04EC0-301F-11D3-BF4B-00C04F79EFBC}") = "Assembly-CSharp-Editor", "Assembly-CSharp-Editor.csproj", "{739593A6-1A38-EACA-A02A-B692EBBB230B}"
EndProject
Global
	GlobalSection(SolutionConfigurationPlatforms) = preSolution
		Debug|Any CPU = Debug|Any CPU
		Release|Any CPU = Release|Any CPU
	EndGlobalSection
	GlobalSection(ProjectConfigurationPlatforms) = postSolution
		{C3144DA1-C2CB-9769-0F5F-C3B5C81B28B5}.Debug|Any CPU.ActiveCfg = Debug|Any CPU
		{C3144DA1-C2CB-9769-0F5F-C3B5C81B28B5}.Debug|Any CPU.Build.0 = Debug|Any CPU
		{C3144DA1-C2CB-9769-0F5F-C3B5C81B28B5}.Release|Any CPU.ActiveCfg = Release|Any CPU
		{C3144DA1-C2CB-9769-0F5F-C3B5C81B28B5}.Release|Any CPU.Build.0 = Release|Any CPU
		{BB3E00AB-379B-547B-EE66-E29568B1685A}.Debug|Any CPU.ActiveCfg = Debug|Any CPU
		{BB3E00AB-379B-547B-EE66-E29568B1685A}.Debug|Any CPU.Build.0 = Debug|Any CPU
		{BB3E00AB-379B-547B-EE66-E29568B1685A}.Release|Any CPU.ActiveCfg = Release|Any CPU
		{BB3E00AB-379B-547B-EE66-E29568B1685A}.Release|Any CPU.Build.0 = Release|Any CPU
		{9147AA66-6DA3-FA0C-26AF-E76670CFEF39}.Debug|Any CPU.ActiveCfg = Debug|Any CPU
		{9147AA66-6DA3-FA0C-26AF-E76670CFEF39}.Debug|Any CPU.Build.0 = Debug|Any CPU
		{9147AA66-6DA3-FA0C-26AF-E76670CFEF39}.Release|Any CPU.ActiveCfg = Release|Any CPU
		{9147AA66-6DA3-FA0C-26AF-E76670CFEF39}.Release|Any CPU.Build.0 = Release|Any CPU
		{5CB1F505-50F2-4255-6474-C559F9DE024B}.Debug|Any CPU.ActiveCfg = Debug|Any CPU
		{5CB1F505-50F2-4255-6474-C559F9DE024B}.Debug|Any CPU.Build.0 = Debug|Any CPU
		{5CB1F505-50F2-4255-6474-C559F9DE024B}.Release|Any CPU.ActiveCfg = Release|Any CPU
		{5CB1F505-50F2-4255-6474-C559F9DE024B}.Release|Any CPU.Build.0 = Release|Any CPU
		{739593A6-1A38-EACA-A02A-B692EBBB230B}.Debug|Any CPU.ActiveCfg = Debug|Any CPU
		{739593A6-1A38-EACA-A02A-B692EBBB230B}.Debug|Any CPU.Build.0 = Debug|Any CPU
		{739593A6-1A38-EACA-A02A-B692EBBB230B}.Release|Any CPU.ActiveCfg = Release|Any CPU
		{739593A6-1A38-EACA-A02A-B692EBBB230B}.Release|Any CPU.Build.0 = Release|Any CPU
	EndGlobalSection
	GlobalSection(SolutionProperties) = preSolution
		HideSolutionNode = FALSE
	EndGlobalSection
EndGlobal
